
Microsoft Visual Studio Solution File, Format Version 12.00
# Visual Studio Version 16
VisualStudioVersion = 16.0.31727.386
MinimumVisualStudioVersion = 10.0.40219.1
Project("{8BC9CEB8-8B4A-11D0-8D11-00A0C91BC942}") = "C_Basic", "C_Basic\C_Basic.vcxproj", "{B8DD11D6-C8F8-418E-943C-3156E9472E23}"
EndProject
Project("{8BC9CEB8-8B4A-11D0-8D11-00A0C91BC942}") = "Personal_Info", "Personal_Info\Personal_Info.vcxproj", "{9E5A04D8-44E0-4A3A-B067-C7A35BA74C39}"
EndProject
Project("{2150E333-8FDC-42A3-9474-1A3956D46DE8}") = "Solution Items", "Solution Items", "{93CFBE1F-82D2-43E7-8143-0EAFB6448FDC}"
	ProjectSection(SolutionItems) = preProject
		README.md = README.md
	EndProjectSection
EndProject
Project("{8BC9CEB8-8B4A-11D0-8D11-00A0C91BC942}") = "C_Version", "C_Version\C_Version.vcxproj", "{7D62DC86-3AEA-407F-B36A-29848AE220DB}"
EndProject
Project("{8BC9CEB8-8B4A-11D0-8D11-00A0C91BC942}") = "Big_Characters", "Big_Characters\Big_Characters.vcxproj", "{9955374A-F63A-416A-AE3D-3A1F9FDD7F8F}"
EndProject
Project("{8BC9CEB8-8B4A-11D0-8D11-00A0C91BC942}") = "Reverse_Characters", "Reverse_Characters\Reverse_Characters.vcxproj", "{C1576615-8764-4474-8305-3CB908742F04}"
EndProject
Project("{8BC9CEB8-8B4A-11D0-8D11-00A0C91BC942}") = "Rectangle_Perimeter_Area", "Rectangle_Perimeter_Area\Rectangle_Perimeter_Area.vcxproj", "{45585DFB-1BD8-4610-8F36-5BD1A3889AF5}"
EndProject
Project("{8BC9CEB8-8B4A-11D0-8D11-00A0C91BC942}") = "Multiple_Variables", "Multiple_Variables\Multiple_Variables.vcxproj", "{182AFD22-2D01-4917-91B5-2D50E6B7C09F}"
EndProject
Project("{8BC9CEB8-8B4A-11D0-8D11-00A0C91BC942}") = "Circle_Perimeter_Area", "Circle_Perimeter_Area\Circle_Perimeter_Area.vcxproj", "{71A4D0E3-7BF5-44B9-9E0C-A87A78C33AE7}"
EndProject
Project("{8BC9CEB8-8B4A-11D0-8D11-00A0C91BC942}") = "Days_Conversion", "Days_Conversion\Days_Conversion.vcxproj", "{60CB4A2D-BA02-4CE1-960C-4B6C29F63310}"
EndProject
Project("{8BC9CEB8-8B4A-11D0-8D11-00A0C91BC942}") = "Integer_Sum", "Integer_Sum\Integer_Sum.vcxproj", "{AED148D3-91A2-40BB-ADB7-D25900C6486B}"
EndProject
Project("{8BC9CEB8-8B4A-11D0-8D11-00A0C91BC942}") = "Integer_Product", "Integer_Product\Integer_Product.vcxproj", "{0F757A5B-BF49-4335-A3B7-7116EAA1E121}"
EndProject
Global
	GlobalSection(SolutionConfigurationPlatforms) = preSolution
		Debug|x64 = Debug|x64
		Debug|x86 = Debug|x86
		Release|x64 = Release|x64
		Release|x86 = Release|x86
	EndGlobalSection
	GlobalSection(ProjectConfigurationPlatforms) = postSolution
		{B8DD11D6-C8F8-418E-943C-3156E9472E23}.Debug|x64.ActiveCfg = Debug|x64
		{B8DD11D6-C8F8-418E-943C-3156E9472E23}.Debug|x64.Build.0 = Debug|x64
		{B8DD11D6-C8F8-418E-943C-3156E9472E23}.Debug|x86.ActiveCfg = Debug|Win32
		{B8DD11D6-C8F8-418E-943C-3156E9472E23}.Debug|x86.Build.0 = Debug|Win32
		{B8DD11D6-C8F8-418E-943C-3156E9472E23}.Release|x64.ActiveCfg = Release|x64
		{B8DD11D6-C8F8-418E-943C-3156E9472E23}.Release|x64.Build.0 = Release|x64
		{B8DD11D6-C8F8-418E-943C-3156E9472E23}.Release|x86.ActiveCfg = Release|Win32
		{B8DD11D6-C8F8-418E-943C-3156E9472E23}.Release|x86.Build.0 = Release|Win32
		{9E5A04D8-44E0-4A3A-B067-C7A35BA74C39}.Debug|x64.ActiveCfg = Debug|x64
		{9E5A04D8-44E0-4A3A-B067-C7A35BA74C39}.Debug|x64.Build.0 = Debug|x64
		{9E5A04D8-44E0-4A3A-B067-C7A35BA74C39}.Debug|x86.ActiveCfg = Debug|Win32
		{9E5A04D8-44E0-4A3A-B067-C7A35BA74C39}.Debug|x86.Build.0 = Debug|Win32
		{9E5A04D8-44E0-4A3A-B067-C7A35BA74C39}.Release|x64.ActiveCfg = Release|x64
		{9E5A04D8-44E0-4A3A-B067-C7A35BA74C39}.Release|x64.Build.0 = Release|x64
		{9E5A04D8-44E0-4A3A-B067-C7A35BA74C39}.Release|x86.ActiveCfg = Release|Win32
		{9E5A04D8-44E0-4A3A-B067-C7A35BA74C39}.Release|x86.Build.0 = Release|Win32
		{7D62DC86-3AEA-407F-B36A-29848AE220DB}.Debug|x64.ActiveCfg = Debug|x64
		{7D62DC86-3AEA-407F-B36A-29848AE220DB}.Debug|x64.Build.0 = Debug|x64
		{7D62DC86-3AEA-407F-B36A-29848AE220DB}.Debug|x86.ActiveCfg = Debug|Win32
		{7D62DC86-3AEA-407F-B36A-29848AE220DB}.Debug|x86.Build.0 = Debug|Win32
		{7D62DC86-3AEA-407F-B36A-29848AE220DB}.Release|x64.ActiveCfg = Release|x64
		{7D62DC86-3AEA-407F-B36A-29848AE220DB}.Release|x64.Build.0 = Release|x64
		{7D62DC86-3AEA-407F-B36A-29848AE220DB}.Release|x86.ActiveCfg = Release|Win32
		{7D62DC86-3AEA-407F-B36A-29848AE220DB}.Release|x86.Build.0 = Release|Win32
		{9955374A-F63A-416A-AE3D-3A1F9FDD7F8F}.Debug|x64.ActiveCfg = Debug|x64
		{9955374A-F63A-416A-AE3D-3A1F9FDD7F8F}.Debug|x64.Build.0 = Debug|x64
		{9955374A-F63A-416A-AE3D-3A1F9FDD7F8F}.Debug|x86.ActiveCfg = Debug|Win32
		{9955374A-F63A-416A-AE3D-3A1F9FDD7F8F}.Debug|x86.Build.0 = Debug|Win32
		{9955374A-F63A-416A-AE3D-3A1F9FDD7F8F}.Release|x64.ActiveCfg = Release|x64
		{9955374A-F63A-416A-AE3D-3A1F9FDD7F8F}.Release|x64.Build.0 = Release|x64
		{9955374A-F63A-416A-AE3D-3A1F9FDD7F8F}.Release|x86.ActiveCfg = Release|Win32
		{9955374A-F63A-416A-AE3D-3A1F9FDD7F8F}.Release|x86.Build.0 = Release|Win32
		{C1576615-8764-4474-8305-3CB908742F04}.Debug|x64.ActiveCfg = Debug|x64
		{C1576615-8764-4474-8305-3CB908742F04}.Debug|x64.Build.0 = Debug|x64
		{C1576615-8764-4474-8305-3CB908742F04}.Debug|x86.ActiveCfg = Debug|Win32
		{C1576615-8764-4474-8305-3CB908742F04}.Debug|x86.Build.0 = Debug|Win32
		{C1576615-8764-4474-8305-3CB908742F04}.Release|x64.ActiveCfg = Release|x64
		{C1576615-8764-4474-8305-3CB908742F04}.Release|x64.Build.0 = Release|x64
		{C1576615-8764-4474-8305-3CB908742F04}.Release|x86.ActiveCfg = Release|Win32
		{C1576615-8764-4474-8305-3CB908742F04}.Release|x86.Build.0 = Release|Win32
		{45585DFB-1BD8-4610-8F36-5BD1A3889AF5}.Debug|x64.ActiveCfg = Debug|x64
		{45585DFB-1BD8-4610-8F36-5BD1A3889AF5}.Debug|x64.Build.0 = Debug|x64
		{45585DFB-1BD8-4610-8F36-5BD1A3889AF5}.Debug|x86.ActiveCfg = Debug|Win32
		{45585DFB-1BD8-4610-8F36-5BD1A3889AF5}.Debug|x86.Build.0 = Debug|Win32
		{45585DFB-1BD8-4610-8F36-5BD1A3889AF5}.Release|x64.ActiveCfg = Release|x64
		{45585DFB-1BD8-4610-8F36-5BD1A3889AF5}.Release|x64.Build.0 = Release|x64
		{45585DFB-1BD8-4610-8F36-5BD1A3889AF5}.Release|x86.ActiveCfg = Release|Win32
		{45585DFB-1BD8-4610-8F36-5BD1A3889AF5}.Release|x86.Build.0 = Release|Win32
		{182AFD22-2D01-4917-91B5-2D50E6B7C09F}.Debug|x64.ActiveCfg = Debug|x64
		{182AFD22-2D01-4917-91B5-2D50E6B7C09F}.Debug|x64.Build.0 = Debug|x64
		{182AFD22-2D01-4917-91B5-2D50E6B7C09F}.Debug|x86.ActiveCfg = Debug|Win32
		{182AFD22-2D01-4917-91B5-2D50E6B7C09F}.Debug|x86.Build.0 = Debug|Win32
		{182AFD22-2D01-4917-91B5-2D50E6B7C09F}.Release|x64.ActiveCfg = Release|x64
		{182AFD22-2D01-4917-91B5-2D50E6B7C09F}.Release|x64.Build.0 = Release|x64
		{182AFD22-2D01-4917-91B5-2D50E6B7C09F}.Release|x86.ActiveCfg = Release|Win32
		{182AFD22-2D01-4917-91B5-2D50E6B7C09F}.Release|x86.Build.0 = Release|Win32
		{71A4D0E3-7BF5-44B9-9E0C-A87A78C33AE7}.Debug|x64.ActiveCfg = Debug|x64
		{71A4D0E3-7BF5-44B9-9E0C-A87A78C33AE7}.Debug|x64.Build.0 = Debug|x64
		{71A4D0E3-7BF5-44B9-9E0C-A87A78C33AE7}.Debug|x86.ActiveCfg = Debug|Win32
		{71A4D0E3-7BF5-44B9-9E0C-A87A78C33AE7}.Debug|x86.Build.0 = Debug|Win32
		{71A4D0E3-7BF5-44B9-9E0C-A87A78C33AE7}.Release|x64.ActiveCfg = Release|x64
		{71A4D0E3-7BF5-44B9-9E0C-A87A78C33AE7}.Release|x64.Build.0 = Release|x64
		{71A4D0E3-7BF5-44B9-9E0C-A87A78C33AE7}.Release|x86.ActiveCfg = Release|Win32
		{71A4D0E3-7BF5-44B9-9E0C-A87A78C33AE7}.Release|x86.Build.0 = Release|Win32
		{60CB4A2D-BA02-4CE1-960C-4B6C29F63310}.Debug|x64.ActiveCfg = Debug|x64
		{60CB4A2D-BA02-4CE1-960C-4B6C29F63310}.Debug|x64.Build.0 = Debug|x64
		{60CB4A2D-BA02-4CE1-960C-4B6C29F63310}.Debug|x86.ActiveCfg = Debug|Win32
		{60CB4A2D-BA02-4CE1-960C-4B6C29F63310}.Debug|x86.Build.0 = Debug|Win32
		{60CB4A2D-BA02-4CE1-960C-4B6C29F63310}.Release|x64.ActiveCfg = Release|x64
		{60CB4A2D-BA02-4CE1-960C-4B6C29F63310}.Release|x64.Build.0 = Release|x64
		{60CB4A2D-BA02-4CE1-960C-4B6C29F63310}.Release|x86.ActiveCfg = Release|Win32
		{60CB4A2D-BA02-4CE1-960C-4B6C29F63310}.Release|x86.Build.0 = Release|Win32
		{AED148D3-91A2-40BB-ADB7-D25900C6486B}.Debug|x64.ActiveCfg = Debug|x64
		{AED148D3-91A2-40BB-ADB7-D25900C6486B}.Debug|x64.Build.0 = Debug|x64
		{AED148D3-91A2-40BB-ADB7-D25900C6486B}.Debug|x86.ActiveCfg = Debug|Win32
		{AED148D3-91A2-40BB-ADB7-D25900C6486B}.Debug|x86.Build.0 = Debug|Win32
		{AED148D3-91A2-40BB-ADB7-D25900C6486B}.Release|x64.ActiveCfg = Release|x64
		{AED148D3-91A2-40BB-ADB7-D25900C6486B}.Release|x64.Build.0 = Release|x64
		{AED148D3-91A2-40BB-ADB7-D25900C6486B}.Release|x86.ActiveCfg = Release|Win32
		{AED148D3-91A2-40BB-ADB7-D25900C6486B}.Release|x86.Build.0 = Release|Win32
		{0F757A5B-BF49-4335-A3B7-7116EAA1E121}.Debug|x64.ActiveCfg = Debug|x64
		{0F757A5B-BF49-4335-A3B7-7116EAA1E121}.Debug|x64.Build.0 = Debug|x64
		{0F757A5B-BF49-4335-A3B7-7116EAA1E121}.Debug|x86.ActiveCfg = Debug|Win32
		{0F757A5B-BF49-4335-A3B7-7116EAA1E121}.Debug|x86.Build.0 = Debug|Win32
		{0F757A5B-BF49-4335-A3B7-7116EAA1E121}.Release|x64.ActiveCfg = Release|x64
		{0F757A5B-BF49-4335-A3B7-7116EAA1E121}.Release|x64.Build.0 = Release|x64
		{0F757A5B-BF49-4335-A3B7-7116EAA1E121}.Release|x86.ActiveCfg = Release|Win32
		{0F757A5B-BF49-4335-A3B7-7116EAA1E121}.Release|x86.Build.0 = Release|Win32
	EndGlobalSection
	GlobalSection(SolutionProperties) = preSolution
		HideSolutionNode = FALSE
	EndGlobalSection
	GlobalSection(ExtensibilityGlobals) = postSolution
		SolutionGuid = {4DEC843D-7AE6-4C98-9076-DB5A3051BB06}
	EndGlobalSection
EndGlobal
